// !$*UTF8*$!
{
	archiveVersion = 1;
	classes = {
	};
	objectVersion = 56;
	objects = {

/* Begin PBXBuildFile section */
		8A5660572C6B9F8B00467B65 /* SwiftCodeBattleHelperApp.swift in Sources */ = {isa = PBXBuildFile; fileRef = 8A5660562C6B9F8B00467B65 /* SwiftCodeBattleHelperApp.swift */; };
		8A5660592C6B9F8B00467B65 /* ContentView.swift in Sources */ = {isa = PBXBuildFile; fileRef = 8A5660582C6B9F8B00467B65 /* ContentView.swift */; };
		8A56605B2C6B9F8D00467B65 /* Assets.xcassets in Resources */ = {isa = PBXBuildFile; fileRef = 8A56605A2C6B9F8D00467B65 /* Assets.xcassets */; };
		8A56605E2C6B9F8D00467B65 /* Preview Assets.xcassets in Resources */ = {isa = PBXBuildFile; fileRef = 8A56605D2C6B9F8D00467B65 /* Preview Assets.xcassets */; };
		8A5660662C6BAA5600467B65 /* ViewModel.swift in Sources */ = {isa = PBXBuildFile; fileRef = 8A5660652C6BAA5600467B65 /* ViewModel.swift */; };
		8A5660682C6BB67000467B65 /* EqualWidthHStack.swift in Sources */ = {isa = PBXBuildFile; fileRef = 8A5660672C6BB67000467B65 /* EqualWidthHStack.swift */; };
		8A5660732C6C45DC00467B65 /* main.swift in Sources */ = {isa = PBXBuildFile; fileRef = 8A5660722C6C45DC00467B65 /* main.swift */; };
/* End PBXBuildFile section */

/* Begin PBXCopyFilesBuildPhase section */
		8A56606E2C6C45DC00467B65 /* CopyFiles */ = {
			isa = PBXCopyFilesBuildPhase;
			buildActionMask = 2147483647;
			dstPath = /usr/share/man/man1/;
			dstSubfolderSpec = 0;
			files = (
			);
			runOnlyForDeploymentPostprocessing = 1;
		};
/* End PBXCopyFilesBuildPhase section */

/* Begin PBXFileReference section */
		8A5660532C6B9F8B00467B65 /* SwiftCodeBattleHelper.app */ = {isa = PBXFileReference; explicitFileType = wrapper.application; includeInIndex = 0; path = SwiftCodeBattleHelper.app; sourceTree = BUILT_PRODUCTS_DIR; };
		8A5660562C6B9F8B00467B65 /* SwiftCodeBattleHelperApp.swift */ = {isa = PBXFileReference; lastKnownFileType = sourcecode.swift; path = SwiftCodeBattleHelperApp.swift; sourceTree = "<group>"; };
		8A5660582C6B9F8B00467B65 /* ContentView.swift */ = {isa = PBXFileReference; lastKnownFileType = sourcecode.swift; path = ContentView.swift; sourceTree = "<group>"; };
		8A56605A2C6B9F8D00467B65 /* Assets.xcassets */ = {isa = PBXFileReference; lastKnownFileType = folder.assetcatalog; path = Assets.xcassets; sourceTree = "<group>"; };
		8A56605D2C6B9F8D00467B65 /* Preview Assets.xcassets */ = {isa = PBXFileReference; lastKnownFileType = folder.assetcatalog; path = "Preview Assets.xcassets"; sourceTree = "<group>"; };
		8A56605F2C6B9F8D00467B65 /* SwiftCodeBattleHelper.entitlements */ = {isa = PBXFileReference; lastKnownFileType = text.plist.entitlements; path = SwiftCodeBattleHelper.entitlements; sourceTree = "<group>"; };
		8A5660652C6BAA5600467B65 /* ViewModel.swift */ = {isa = PBXFileReference; lastKnownFileType = sourcecode.swift; path = ViewModel.swift; sourceTree = "<group>"; };
		8A5660672C6BB67000467B65 /* EqualWidthHStack.swift */ = {isa = PBXFileReference; lastKnownFileType = sourcecode.swift; path = EqualWidthHStack.swift; sourceTree = "<group>"; };
		8A5660702C6C45DC00467B65 /* CLIApp */ = {isa = PBXFileReference; explicitFileType = "compiled.mach-o.executable"; includeInIndex = 0; path = CLIApp; sourceTree = BUILT_PRODUCTS_DIR; };
		8A5660722C6C45DC00467B65 /* main.swift */ = {isa = PBXFileReference; lastKnownFileType = sourcecode.swift; path = main.swift; sourceTree = "<group>"; };
/* End PBXFileReference section */

/* Begin PBXFrameworksBuildPhase section */
		8A5660502C6B9F8B00467B65 /* Frameworks */ = {
			isa = PBXFrameworksBuildPhase;
			buildActionMask = 2147483647;
			files = (
			);
			runOnlyForDeploymentPostprocessing = 0;
		};
		8A56606D2C6C45DC00467B65 /* Frameworks */ = {
			isa = PBXFrameworksBuildPhase;
			buildActionMask = 2147483647;
			files = (
			);
			runOnlyForDeploymentPostprocessing = 0;
		};
/* End PBXFrameworksBuildPhase section */

/* Begin PBXGroup section */
		8A56604A2C6B9F8B00467B65 = {
			isa = PBXGroup;
			children = (
				8A5660552C6B9F8B00467B65 /* SwiftCodeBattleHelper */,
				8A5660712C6C45DC00467B65 /* CLIApp */,
				8A5660542C6B9F8B00467B65 /* Products */,
			);
			sourceTree = "<group>";
		};
		8A5660542C6B9F8B00467B65 /* Products */ = {
			isa = PBXGroup;
			children = (
				8A5660532C6B9F8B00467B65 /* SwiftCodeBattleHelper.app */,
				8A5660702C6C45DC00467B65 /* CLIApp */,
			);
			name = Products;
			sourceTree = "<group>";
		};
		8A5660552C6B9F8B00467B65 /* SwiftCodeBattleHelper */ = {
			isa = PBXGroup;
			children = (
				8A5660562C6B9F8B00467B65 /* SwiftCodeBattleHelperApp.swift */,
				8A5660582C6B9F8B00467B65 /* ContentView.swift */,
				8A5660672C6BB67000467B65 /* EqualWidthHStack.swift */,
				8A5660652C6BAA5600467B65 /* ViewModel.swift */,
				8A56605A2C6B9F8D00467B65 /* Assets.xcassets */,
				8A56605F2C6B9F8D00467B65 /* SwiftCodeBattleHelper.entitlements */,
				8A56605C2C6B9F8D00467B65 /* Preview Content */,
			);
			path = SwiftCodeBattleHelper;
			sourceTree = "<group>";
		};
		8A56605C2C6B9F8D00467B65 /* Preview Content */ = {
			isa = PBXGroup;
			children = (
				8A56605D2C6B9F8D00467B65 /* Preview Assets.xcassets */,
			);
			path = "Preview Content";
			sourceTree = "<group>";
		};
		8A5660712C6C45DC00467B65 /* CLIApp */ = {
			isa = PBXGroup;
			children = (
				8A5660722C6C45DC00467B65 /* main.swift */,
			);
			path = CLIApp;
			sourceTree = "<group>";
		};
/* End PBXGroup section */

/* Begin PBXNativeTarget section */
		8A5660522C6B9F8B00467B65 /* SwiftCodeBattleHelper */ = {
			isa = PBXNativeTarget;
			buildConfigurationList = 8A5660622C6B9F8D00467B65 /* Build configuration list for PBXNativeTarget "SwiftCodeBattleHelper" */;
			buildPhases = (
				8A56604F2C6B9F8B00467B65 /* Sources */,
				8A5660502C6B9F8B00467B65 /* Frameworks */,
				8A5660512C6B9F8B00467B65 /* Resources */,
			);
			buildRules = (
			);
			dependencies = (
			);
			name = SwiftCodeBattleHelper;
			productName = SwiftCodeBattleHelper;
			productReference = 8A5660532C6B9F8B00467B65 /* SwiftCodeBattleHelper.app */;
			productType = "com.apple.product-type.application";
		};
		8A56606F2C6C45DC00467B65 /* CLIApp */ = {
			isa = PBXNativeTarget;
			buildConfigurationList = 8A5660742C6C45DC00467B65 /* Build configuration list for PBXNativeTarget "CLIApp" */;
			buildPhases = (
				8A56606C2C6C45DC00467B65 /* Sources */,
				8A56606D2C6C45DC00467B65 /* Frameworks */,
				8A56606E2C6C45DC00467B65 /* CopyFiles */,
			);
			buildRules = (
			);
			dependencies = (
			);
			name = CLIApp;
			productName = CLIApp;
			productReference = 8A5660702C6C45DC00467B65 /* CLIApp */;
			productType = "com.apple.product-type.tool";
		};
/* End PBXNativeTarget section */

/* Begin PBXProject section */
		8A56604B2C6B9F8B00467B65 /* Project object */ = {
			isa = PBXProject;
			attributes = {
				BuildIndependentTargetsInParallel = 1;
				LastSwiftUpdateCheck = 1520;
				LastUpgradeCheck = 1520;
				TargetAttributes = {
					8A5660522C6B9F8B00467B65 = {
						CreatedOnToolsVersion = 15.2;
					};
					8A56606F2C6C45DC00467B65 = {
						CreatedOnToolsVersion = 15.2;
					};
				};
			};
			buildConfigurationList = 8A56604E2C6B9F8B00467B65 /* Build configuration list for PBXProject "SwiftCodeBattleHelper" */;
			compatibilityVersion = "Xcode 14.0";
			developmentRegion = en;
			hasScannedForEncodings = 0;
			knownRegions = (
				en,
				Base,
			);
			mainGroup = 8A56604A2C6B9F8B00467B65;
			productRefGroup = 8A5660542C6B9F8B00467B65 /* Products */;
			projectDirPath = "";
			projectRoot = "";
			targets = (
				8A5660522C6B9F8B00467B65 /* SwiftCodeBattleHelper */,
				8A56606F2C6C45DC00467B65 /* CLIApp */,
			);
		};
/* End PBXProject section */

/* Begin PBXResourcesBuildPhase section */
		8A5660512C6B9F8B00467B65 /* Resources */ = {
			isa = PBXResourcesBuildPhase;
			buildActionMask = 2147483647;
			files = (
				8A56605E2C6B9F8D00467B65 /* Preview Assets.xcassets in Resources */,
				8A56605B2C6B9F8D00467B65 /* Assets.xcassets in Resources */,
			);
			runOnlyForDeploymentPostprocessing = 0;
		};
/* End PBXResourcesBuildPhase section */

/* Begin PBXSourcesBuildPhase section */
		8A56604F2C6B9F8B00467B65 /* Sources */ = {
			isa = PBXSourcesBuildPhase;
			buildActionMask = 2147483647;
			files = (
				8A5660592C6B9F8B00467B65 /* ContentView.swift in Sources */,
				8A5660662C6BAA5600467B65 /* ViewModel.swift in Sources */,
				8A5660572C6B9F8B00467B65 /* SwiftCodeBattleHelperApp.swift in Sources */,
				8A5660682C6BB67000467B65 /* EqualWidthHStack.swift in Sources */,
			);
			runOnlyForDeploymentPostprocessing = 0;
		};
		8A56606C2C6C45DC00467B65 /* Sources */ = {
			isa = PBXSourcesBuildPhase;
			buildActionMask = 2147483647;
			files = (
				8A5660732C6C45DC00467B65 /* main.swift in Sources */,
			);
			runOnlyForDeploymentPostprocessing = 0;
		};
/* End PBXSourcesBuildPhase section */

/* Begin XCBuildConfiguration section */
		8A5660602C6B9F8D00467B65 /* Debug */ = {
			isa = XCBuildConfiguration;
			buildSettings = {
				ALWAYS_SEARCH_USER_PATHS = NO;
				ASSETCATALOG_COMPILER_GENERATE_SWIFT_ASSET_SYMBOL_EXTENSIONS = YES;
				CLANG_ANALYZER_NONNULL = YES;
				CLANG_ANALYZER_NUMBER_OBJECT_CONVERSION = YES_AGGRESSIVE;
				CLANG_CXX_LANGUAGE_STANDARD = "gnu++20";
				CLANG_ENABLE_MODULES = YES;
				CLANG_ENABLE_OBJC_ARC = YES;
				CLANG_ENABLE_OBJC_WEAK = YES;
				CLANG_WARN_BLOCK_CAPTURE_AUTORELEASING = YES;
				CLANG_WARN_BOOL_CONVERSION = YES;
				CLANG_WARN_COMMA = YES;
				CLANG_WARN_CONSTANT_CONVERSION = YES;
				CLANG_WARN_DEPRECATED_OBJC_IMPLEMENTATIONS = YES;
				CLANG_WARN_DIRECT_OBJC_ISA_USAGE = YES_ERROR;
				CLANG_WARN_DOCUMENTATION_COMMENTS = YES;
				CLANG_WARN_EMPTY_BODY = YES;
				CLANG_WARN_ENUM_CONVERSION = YES;
				CLANG_WARN_INFINITE_RECURSION = YES;
				CLANG_WARN_INT_CONVERSION = YES;
				CLANG_WARN_NON_LITERAL_NULL_CONVERSION = YES;
				CLANG_WARN_OBJC_IMPLICIT_RETAIN_SELF = YES;
				CLANG_WARN_OBJC_LITERAL_CONVERSION = YES;
				CLANG_WARN_OBJC_ROOT_CLASS = YES_ERROR;
				CLANG_WARN_QUOTED_INCLUDE_IN_FRAMEWORK_HEADER = YES;
				CLANG_WARN_RANGE_LOOP_ANALYSIS = YES;
				CLANG_WARN_STRICT_PROTOTYPES = YES;
				CLANG_WARN_SUSPICIOUS_MOVE = YES;
				CLANG_WARN_UNGUARDED_AVAILABILITY = YES_AGGRESSIVE;
				CLANG_WARN_UNREACHABLE_CODE = YES;
				CLANG_WARN__DUPLICATE_METHOD_MATCH = YES;
				COPY_PHASE_STRIP = NO;
				DEBUG_INFORMATION_FORMAT = dwarf;
				ENABLE_STRICT_OBJC_MSGSEND = YES;
				ENABLE_TESTABILITY = YES;
				ENABLE_USER_SCRIPT_SANDBOXING = YES;
				GCC_C_LANGUAGE_STANDARD = gnu17;
				GCC_DYNAMIC_NO_PIC = NO;
				GCC_NO_COMMON_BLOCKS = YES;
				GCC_OPTIMIZATION_LEVEL = 0;
				GCC_PREPROCESSOR_DEFINITIONS = (
					"DEBUG=1",
					"$(inherited)",
				);
				GCC_WARN_64_TO_32_BIT_CONVERSION = YES;
				GCC_WARN_ABOUT_RETURN_TYPE = YES_ERROR;
				GCC_WARN_UNDECLARED_SELECTOR = YES;
				GCC_WARN_UNINITIALIZED_AUTOS = YES_AGGRESSIVE;
				GCC_WARN_UNUSED_FUNCTION = YES;
				GCC_WARN_UNUSED_VARIABLE = YES;
				LOCALIZATION_PREFERS_STRING_CATALOGS = YES;
				MACOSX_DEPLOYMENT_TARGET = 14.2;
				MTL_ENABLE_DEBUG_INFO = INCLUDE_SOURCE;
				MTL_FAST_MATH = YES;
				ONLY_ACTIVE_ARCH = YES;
				SDKROOT = macosx;
				SWIFT_ACTIVE_COMPILATION_CONDITIONS = "DEBUG $(inherited)";
				SWIFT_OPTIMIZATION_LEVEL = "-Onone";
			};
			name = Debug;
		};
		8A5660612C6B9F8D00467B65 /* Release */ = {
			isa = XCBuildConfiguration;
			buildSettings = {
				ALWAYS_SEARCH_USER_PATHS = NO;
				ASSETCATALOG_COMPILER_GENERATE_SWIFT_ASSET_SYMBOL_EXTENSIONS = YES;
				CLANG_ANALYZER_NONNULL = YES;
				CLANG_ANALYZER_NUMBER_OBJECT_CONVERSION = YES_AGGRESSIVE;
				CLANG_CXX_LANGUAGE_STANDARD = "gnu++20";
				CLANG_ENABLE_MODULES = YES;
				CLANG_ENABLE_OBJC_ARC = YES;
				CLANG_ENABLE_OBJC_WEAK = YES;
				CLANG_WARN_BLOCK_CAPTURE_AUTORELEASING = YES;
				CLANG_WARN_BOOL_CONVERSION = YES;
				CLANG_WARN_COMMA = YES;
				CLANG_WARN_CONSTANT_CONVERSION = YES;
				CLANG_WARN_DEPRECATED_OBJC_IMPLEMENTATIONS = YES;
				CLANG_WARN_DIRECT_OBJC_ISA_USAGE = YES_ERROR;
				CLANG_WARN_DOCUMENTATION_COMMENTS = YES;
				CLANG_WARN_EMPTY_BODY = YES;
				CLANG_WARN_ENUM_CONVERSION = YES;
				CLANG_WARN_INFINITE_RECURSION = YES;
				CLANG_WARN_INT_CONVERSION = YES;
				CLANG_WARN_NON_LITERAL_NULL_CONVERSION = YES;
				CLANG_WARN_OBJC_IMPLICIT_RETAIN_SELF = YES;
				CLANG_WARN_OBJC_LITERAL_CONVERSION = YES;
				CLANG_WARN_OBJC_ROOT_CLASS = YES_ERROR;
				CLANG_WARN_QUOTED_INCLUDE_IN_FRAMEWORK_HEADER = YES;
				CLANG_WARN_RANGE_LOOP_ANALYSIS = YES;
				CLANG_WARN_STRICT_PROTOTYPES = YES;
				CLANG_WARN_SUSPICIOUS_MOVE = YES;
				CLANG_WARN_UNGUARDED_AVAILABILITY = YES_AGGRESSIVE;
				CLANG_WARN_UNREACHABLE_CODE = YES;
				CLANG_WARN__DUPLICATE_METHOD_MATCH = YES;
				COPY_PHASE_STRIP = NO;
				DEBUG_INFORMATION_FORMAT = "dwarf-with-dsym";
				ENABLE_NS_ASSERTIONS = NO;
				ENABLE_STRICT_OBJC_MSGSEND = YES;
				ENABLE_USER_SCRIPT_SANDBOXING = YES;
				GCC_C_LANGUAGE_STANDARD = gnu17;
				GCC_NO_COMMON_BLOCKS = YES;
				GCC_WARN_64_TO_32_BIT_CONVERSION = YES;
				GCC_WARN_ABOUT_RETURN_TYPE = YES_ERROR;
				GCC_WARN_UNDECLARED_SELECTOR = YES;
				GCC_WARN_UNINITIALIZED_AUTOS = YES_AGGRESSIVE;
				GCC_WARN_UNUSED_FUNCTION = YES;
				GCC_WARN_UNUSED_VARIABLE = YES;
				LOCALIZATION_PREFERS_STRING_CATALOGS = YES;
				MACOSX_DEPLOYMENT_TARGET = 14.2;
				MTL_ENABLE_DEBUG_INFO = NO;
				MTL_FAST_MATH = YES;
				SDKROOT = macosx;
				SWIFT_COMPILATION_MODE = wholemodule;
			};
			name = Release;
		};
		8A5660632C6B9F8D00467B65 /* Debug */ = {
			isa = XCBuildConfiguration;
			buildSettings = {
				ASSETCATALOG_COMPILER_APPICON_NAME = AppIcon;
				ASSETCATALOG_COMPILER_GLOBAL_ACCENT_COLOR_NAME = AccentColor;
				CODE_SIGN_ENTITLEMENTS = SwiftCodeBattleHelper/SwiftCodeBattleHelper.entitlements;
				CODE_SIGN_STYLE = Automatic;
				COMBINE_HIDPI_IMAGES = YES;
				CURRENT_PROJECT_VERSION = 1;
				DEVELOPMENT_ASSET_PATHS = "\"SwiftCodeBattleHelper/Preview Content\"";
				DEVELOPMENT_TEAM = 5WSE8X23BF;
				ENABLE_HARDENED_RUNTIME = YES;
				ENABLE_PREVIEWS = YES;
				GENERATE_INFOPLIST_FILE = YES;
				INFOPLIST_KEY_NSHumanReadableCopyright = "";
				LD_RUNPATH_SEARCH_PATHS = (
					"$(inherited)",
					"@executable_path/../Frameworks",
				);
				MARKETING_VERSION = 1.0;
				PRODUCT_BUNDLE_IDENTIFIER = jp.toshi0383.SwiftCodeBattleHelper;
				PRODUCT_NAME = "$(TARGET_NAME)";
				SWIFT_EMIT_LOC_STRINGS = YES;
				SWIFT_VERSION = 5.0;
			};
			name = Debug;
		};
		8A5660642C6B9F8D00467B65 /* Release */ = {
			isa = XCBuildConfiguration;
			buildSettings = {
				ASSETCATALOG_COMPILER_APPICON_NAME = AppIcon;
				ASSETCATALOG_COMPILER_GLOBAL_ACCENT_COLOR_NAME = AccentColor;
				CODE_SIGN_ENTITLEMENTS = SwiftCodeBattleHelper/SwiftCodeBattleHelper.entitlements;
				CODE_SIGN_STYLE = Automatic;
				COMBINE_HIDPI_IMAGES = YES;
				CURRENT_PROJECT_VERSION = 1;
				DEVELOPMENT_ASSET_PATHS = "\"SwiftCodeBattleHelper/Preview Content\"";
				DEVELOPMENT_TEAM = 5WSE8X23BF;
				ENABLE_HARDENED_RUNTIME = YES;
				ENABLE_PREVIEWS = YES;
				GENERATE_INFOPLIST_FILE = YES;
				INFOPLIST_KEY_NSHumanReadableCopyright = "";
				LD_RUNPATH_SEARCH_PATHS = (
					"$(inherited)",
					"@executable_path/../Frameworks",
				);
				MARKETING_VERSION = 1.0;
				PRODUCT_BUNDLE_IDENTIFIER = jp.toshi0383.SwiftCodeBattleHelper;
				PRODUCT_NAME = "$(TARGET_NAME)";
				SWIFT_EMIT_LOC_STRINGS = YES;
				SWIFT_VERSION = 5.0;
			};
			name = Release;
		};
		8A5660752C6C45DC00467B65 /* Debug */ = {
			isa = XCBuildConfiguration;
			buildSettings = {
				CODE_SIGN_STYLE = Automatic;
				DEVELOPMENT_TEAM = 5WSE8X23BF;
				ENABLE_HARDENED_RUNTIME = YES;
				PRODUCT_NAME = "$(TARGET_NAME)";
				SWIFT_VERSION = 5.0;
			};
			name = Debug;
		};
		8A5660762C6C45DC00467B65 /* Release */ = {
			isa = XCBuildConfiguration;
			buildSettings = {
				CODE_SIGN_STYLE = Automatic;
				DEVELOPMENT_TEAM = 5WSE8X23BF;
				ENABLE_HARDENED_RUNTIME = YES;
				PRODUCT_NAME = "$(TARGET_NAME)";
				SWIFT_VERSION = 5.0;
			};
			name = Release;
		};
/* End XCBuildConfiguration section */

/* Begin XCConfigurationList section */
		8A56604E2C6B9F8B00467B65 /* Build configuration list for PBXProject "SwiftCodeBattleHelper" */ = {
			isa = XCConfigurationList;
			buildConfigurations = (
				8A5660602C6B9F8D00467B65 /* Debug */,
				8A5660612C6B9F8D00467B65 /* Release */,
			);
			defaultConfigurationIsVisible = 0;
			defaultConfigurationName = Release;
		};
		8A5660622C6B9F8D00467B65 /* Build configuration list for PBXNativeTarget "SwiftCodeBattleHelper" */ = {
			isa = XCConfigurationList;
			buildConfigurations = (
				8A5660632C6B9F8D00467B65 /* Debug */,
				8A5660642C6B9F8D00467B65 /* Release */,
			);
			defaultConfigurationIsVisible = 0;
			defaultConfigurationName = Release;
		};
		8A5660742C6C45DC00467B65 /* Build configuration list for PBXNativeTarget "CLIApp" */ = {
			isa = XCConfigurationList;
			buildConfigurations = (
				8A5660752C6C45DC00467B65 /* Debug */,
				8A5660762C6C45DC00467B65 /* Release */,
			);
			defaultConfigurationIsVisible = 0;
			defaultConfigurationName = Release;
		};
/* End XCConfigurationList section */
	};
	rootObject = 8A56604B2C6B9F8B00467B65 /* Project object */;
}
